// !$*UTF8*$!
{
	archiveVersion = 1;
	classes = {
	};
	objectVersion = 50;
	objects = {

/* Begin PBXBuildFile section */
		EF092B0C2520A46E002BABA3 /* ConversationsListViewController.swift in Sources */ = {isa = PBXBuildFile; fileRef = EF092B0B2520A46E002BABA3 /* ConversationsListViewController.swift */; };
		EF092B102520AAD0002BABA3 /* ConversationsListTableViewCell.swift in Sources */ = {isa = PBXBuildFile; fileRef = EF092B0E2520AAD0002BABA3 /* ConversationsListTableViewCell.swift */; };
		EF092B112520AAD0002BABA3 /* ConversationsListTableViewCell.xib in Resources */ = {isa = PBXBuildFile; fileRef = EF092B0F2520AAD0002BABA3 /* ConversationsListTableViewCell.xib */; };
		EF46F4932521C90900754D91 /* ConvesationsListInfo.swift in Sources */ = {isa = PBXBuildFile; fileRef = EF46F4922521C90900754D91 /* ConvesationsListInfo.swift */; };
		EF5C2605250FAE5D00B4B1F4 /* LogManager.swift in Sources */ = {isa = PBXBuildFile; fileRef = EF5C2604250FAE5D00B4B1F4 /* LogManager.swift */; };
		EF8708DD252CAB6900EFCE78 /* Theme.swift in Sources */ = {isa = PBXBuildFile; fileRef = EF8708DC252CAB6900EFCE78 /* Theme.swift */; };
		EF8FA9AE252C907A008FBFAE /* ThemesViewController.swift in Sources */ = {isa = PBXBuildFile; fileRef = EF8FA9AC252C907A008FBFAE /* ThemesViewController.swift */; };
		EF8FA9AF252C907A008FBFAE /* ThemesViewController.xib in Resources */ = {isa = PBXBuildFile; fileRef = EF8FA9AD252C907A008FBFAE /* ThemesViewController.xib */; };
		EF9284802523A17D0018439D /* ConfigurableViewProtocol.swift in Sources */ = {isa = PBXBuildFile; fileRef = EF92847F2523A17D0018439D /* ConfigurableViewProtocol.swift */; };
		EF9284872523ABC80018439D /* IncomingMessageTableViewCell.swift in Sources */ = {isa = PBXBuildFile; fileRef = EF9284852523ABC80018439D /* IncomingMessageTableViewCell.swift */; };
		EF9284882523ABC80018439D /* IncomingMessageTableViewCell.xib in Resources */ = {isa = PBXBuildFile; fileRef = EF9284862523ABC80018439D /* IncomingMessageTableViewCell.xib */; };
		EF92848C2523B8A70018439D /* OutcomingMessageTableViewCell.swift in Sources */ = {isa = PBXBuildFile; fileRef = EF92848A2523B8A70018439D /* OutcomingMessageTableViewCell.swift */; };
		EF92848D2523B8A70018439D /* OutcomingMessageTableViewCell.xib in Resources */ = {isa = PBXBuildFile; fileRef = EF92848B2523B8A70018439D /* OutcomingMessageTableViewCell.xib */; };
		EF9284912523BEC90018439D /* ConversationInfo.swift in Sources */ = {isa = PBXBuildFile; fileRef = EF9284902523BEC90018439D /* ConversationInfo.swift */; };
		EFD7BB2D252D9B2000D6120E /* ConversationViewController.swift in Sources */ = {isa = PBXBuildFile; fileRef = EFD7BB2B252D9B2000D6120E /* ConversationViewController.swift */; };
		EFD7BB2E252D9B2000D6120E /* ConversationViewController.xib in Resources */ = {isa = PBXBuildFile; fileRef = EFD7BB2C252D9B2000D6120E /* ConversationViewController.xib */; };
		EFF79D76250F7C1E00815ED3 /* AppDelegate.swift in Sources */ = {isa = PBXBuildFile; fileRef = EFF79D75250F7C1E00815ED3 /* AppDelegate.swift */; };
		EFF79D7A250F7C1E00815ED3 /* ProfileViewController.swift in Sources */ = {isa = PBXBuildFile; fileRef = EFF79D79250F7C1E00815ED3 /* ProfileViewController.swift */; };
		EFF79D7D250F7C1E00815ED3 /* Main.storyboard in Resources */ = {isa = PBXBuildFile; fileRef = EFF79D7B250F7C1E00815ED3 /* Main.storyboard */; };
		EFF79D7F250F7C2200815ED3 /* Assets.xcassets in Resources */ = {isa = PBXBuildFile; fileRef = EFF79D7E250F7C2200815ED3 /* Assets.xcassets */; };
		EFF79D82250F7C2200815ED3 /* LaunchScreen.storyboard in Resources */ = {isa = PBXBuildFile; fileRef = EFF79D80250F7C2200815ED3 /* LaunchScreen.storyboard */; };
/* End PBXBuildFile section */

/* Begin PBXFileReference section */
		EF092B0B2520A46E002BABA3 /* ConversationsListViewController.swift */ = {isa = PBXFileReference; lastKnownFileType = sourcecode.swift; path = ConversationsListViewController.swift; sourceTree = "<group>"; };
		EF092B0E2520AAD0002BABA3 /* ConversationsListTableViewCell.swift */ = {isa = PBXFileReference; lastKnownFileType = sourcecode.swift; path = ConversationsListTableViewCell.swift; sourceTree = "<group>"; };
		EF092B0F2520AAD0002BABA3 /* ConversationsListTableViewCell.xib */ = {isa = PBXFileReference; lastKnownFileType = file.xib; path = ConversationsListTableViewCell.xib; sourceTree = "<group>"; };
		EF46F4922521C90900754D91 /* ConvesationsListInfo.swift */ = {isa = PBXFileReference; lastKnownFileType = sourcecode.swift; path = ConvesationsListInfo.swift; sourceTree = "<group>"; };
		EF5C2604250FAE5D00B4B1F4 /* LogManager.swift */ = {isa = PBXFileReference; lastKnownFileType = sourcecode.swift; path = LogManager.swift; sourceTree = "<group>"; };
		EF8708DC252CAB6900EFCE78 /* Theme.swift */ = {isa = PBXFileReference; lastKnownFileType = sourcecode.swift; path = Theme.swift; sourceTree = "<group>"; };
		EF8FA9AC252C907A008FBFAE /* ThemesViewController.swift */ = {isa = PBXFileReference; lastKnownFileType = sourcecode.swift; path = ThemesViewController.swift; sourceTree = "<group>"; };
		EF8FA9AD252C907A008FBFAE /* ThemesViewController.xib */ = {isa = PBXFileReference; lastKnownFileType = file.xib; path = ThemesViewController.xib; sourceTree = "<group>"; };
		EF92847F2523A17D0018439D /* ConfigurableViewProtocol.swift */ = {isa = PBXFileReference; lastKnownFileType = sourcecode.swift; path = ConfigurableViewProtocol.swift; sourceTree = "<group>"; };
		EF9284852523ABC80018439D /* IncomingMessageTableViewCell.swift */ = {isa = PBXFileReference; lastKnownFileType = sourcecode.swift; path = IncomingMessageTableViewCell.swift; sourceTree = "<group>"; };
		EF9284862523ABC80018439D /* IncomingMessageTableViewCell.xib */ = {isa = PBXFileReference; lastKnownFileType = file.xib; path = IncomingMessageTableViewCell.xib; sourceTree = "<group>"; };
		EF92848A2523B8A70018439D /* OutcomingMessageTableViewCell.swift */ = {isa = PBXFileReference; lastKnownFileType = sourcecode.swift; path = OutcomingMessageTableViewCell.swift; sourceTree = "<group>"; };
		EF92848B2523B8A70018439D /* OutcomingMessageTableViewCell.xib */ = {isa = PBXFileReference; lastKnownFileType = file.xib; path = OutcomingMessageTableViewCell.xib; sourceTree = "<group>"; };
		EF9284902523BEC90018439D /* ConversationInfo.swift */ = {isa = PBXFileReference; lastKnownFileType = sourcecode.swift; path = ConversationInfo.swift; sourceTree = "<group>"; };
		EFD7BB2B252D9B2000D6120E /* ConversationViewController.swift */ = {isa = PBXFileReference; lastKnownFileType = sourcecode.swift; path = ConversationViewController.swift; sourceTree = "<group>"; };
		EFD7BB2C252D9B2000D6120E /* ConversationViewController.xib */ = {isa = PBXFileReference; lastKnownFileType = file.xib; path = ConversationViewController.xib; sourceTree = "<group>"; };
		EFF79D72250F7C1E00815ED3 /* Chat.app */ = {isa = PBXFileReference; explicitFileType = wrapper.application; includeInIndex = 0; path = Chat.app; sourceTree = BUILT_PRODUCTS_DIR; };
		EFF79D75250F7C1E00815ED3 /* AppDelegate.swift */ = {isa = PBXFileReference; lastKnownFileType = sourcecode.swift; path = AppDelegate.swift; sourceTree = "<group>"; };
		EFF79D79250F7C1E00815ED3 /* ProfileViewController.swift */ = {isa = PBXFileReference; lastKnownFileType = sourcecode.swift; path = ProfileViewController.swift; sourceTree = "<group>"; };
		EFF79D7C250F7C1E00815ED3 /* Base */ = {isa = PBXFileReference; lastKnownFileType = file.storyboard; name = Base; path = Base.lproj/Main.storyboard; sourceTree = "<group>"; };
		EFF79D7E250F7C2200815ED3 /* Assets.xcassets */ = {isa = PBXFileReference; lastKnownFileType = folder.assetcatalog; path = Assets.xcassets; sourceTree = "<group>"; };
		EFF79D81250F7C2200815ED3 /* Base */ = {isa = PBXFileReference; lastKnownFileType = file.storyboard; name = Base; path = Base.lproj/LaunchScreen.storyboard; sourceTree = "<group>"; };
		EFF79D83250F7C2200815ED3 /* Info.plist */ = {isa = PBXFileReference; lastKnownFileType = text.plist.xml; path = Info.plist; sourceTree = "<group>"; };
/* End PBXFileReference section */

/* Begin PBXFrameworksBuildPhase section */
		EFF79D6F250F7C1E00815ED3 /* Frameworks */ = {
			isa = PBXFrameworksBuildPhase;
			buildActionMask = 2147483647;
			files = (
			);
			runOnlyForDeploymentPostprocessing = 0;
		};
/* End PBXFrameworksBuildPhase section */

/* Begin PBXGroup section */
		EF1415FD252C79D2004EF80D /* ProfileViewController */ = {
			isa = PBXGroup;
			children = (
				EFF79D79250F7C1E00815ED3 /* ProfileViewController.swift */,
			);
			path = ProfileViewController;
			sourceTree = "<group>";
		};
		EF1415FF252C7A89004EF80D /* ConversationViewController */ = {
			isa = PBXGroup;
			children = (
				EFD7BB2B252D9B2000D6120E /* ConversationViewController.swift */,
				EFD7BB2C252D9B2000D6120E /* ConversationViewController.xib */,
				EF92848A2523B8A70018439D /* OutcomingMessageTableViewCell.swift */,
				EF92848B2523B8A70018439D /* OutcomingMessageTableViewCell.xib */,
				EF9284852523ABC80018439D /* IncomingMessageTableViewCell.swift */,
				EF9284862523ABC80018439D /* IncomingMessageTableViewCell.xib */,
				EF9284902523BEC90018439D /* ConversationInfo.swift */,
			);
			path = ConversationViewController;
			sourceTree = "<group>";
		};
		EF141601252C7AAA004EF80D /* ConversationsListViewController */ = {
			isa = PBXGroup;
			children = (
				EF092B0E2520AAD0002BABA3 /* ConversationsListTableViewCell.swift */,
				EF092B0F2520AAD0002BABA3 /* ConversationsListTableViewCell.xib */,
				EF092B0B2520A46E002BABA3 /* ConversationsListViewController.swift */,
				EF46F4922521C90900754D91 /* ConvesationsListInfo.swift */,
				EF92847F2523A17D0018439D /* ConfigurableViewProtocol.swift */,
			);
			path = ConversationsListViewController;
			sourceTree = "<group>";
		};
		EFB97927252D90AC0075F11F /* ThemesViewController */ = {
			isa = PBXGroup;
			children = (
				EF8FA9AC252C907A008FBFAE /* ThemesViewController.swift */,
				EF8FA9AD252C907A008FBFAE /* ThemesViewController.xib */,
				EF8708DC252CAB6900EFCE78 /* Theme.swift */,
			);
			path = ThemesViewController;
			sourceTree = "<group>";
		};
		EFF79D69250F7C1E00815ED3 = {
			isa = PBXGroup;
			children = (
				EFF79D74250F7C1E00815ED3 /* chat */,
				EFF79D73250F7C1E00815ED3 /* Products */,
			);
			sourceTree = "<group>";
		};
		EFF79D73250F7C1E00815ED3 /* Products */ = {
			isa = PBXGroup;
			children = (
				EFF79D72250F7C1E00815ED3 /* Chat.app */,
			);
			name = Products;
			sourceTree = "<group>";
		};
		EFF79D74250F7C1E00815ED3 /* chat */ = {
			isa = PBXGroup;
			children = (
				EFF79D75250F7C1E00815ED3 /* AppDelegate.swift */,
				EF5C2604250FAE5D00B4B1F4 /* LogManager.swift */,
				EFF79D7B250F7C1E00815ED3 /* Main.storyboard */,
				EFB97927252D90AC0075F11F /* ThemesViewController */,
				EF1415FD252C79D2004EF80D /* ProfileViewController */,
				EF1415FF252C7A89004EF80D /* ConversationViewController */,
				EF141601252C7AAA004EF80D /* ConversationsListViewController */,
				EFF79D7E250F7C2200815ED3 /* Assets.xcassets */,
				EFF79D80250F7C2200815ED3 /* LaunchScreen.storyboard */,
				EFF79D83250F7C2200815ED3 /* Info.plist */,
			);
			path = chat;
			sourceTree = "<group>";
		};
/* End PBXGroup section */

/* Begin PBXNativeTarget section */
		EFF79D71250F7C1E00815ED3 /* chat */ = {
			isa = PBXNativeTarget;
			buildConfigurationList = EFF79D86250F7C2200815ED3 /* Build configuration list for PBXNativeTarget "chat" */;
			buildPhases = (
				EFF79D6E250F7C1E00815ED3 /* Sources */,
				EFF79D6F250F7C1E00815ED3 /* Frameworks */,
				EFF79D70250F7C1E00815ED3 /* Resources */,
			);
			buildRules = (
			);
			dependencies = (
			);
			name = chat;
			productName = chat;
			productReference = EFF79D72250F7C1E00815ED3 /* Chat.app */;
			productType = "com.apple.product-type.application";
		};
/* End PBXNativeTarget section */

/* Begin PBXProject section */
		EFF79D6A250F7C1E00815ED3 /* Project object */ = {
			isa = PBXProject;
			attributes = {
				LastSwiftUpdateCheck = 1170;
				LastUpgradeCheck = 1200;
				ORGANIZATIONNAME = Maxim;
				TargetAttributes = {
					EFF79D71250F7C1E00815ED3 = {
						CreatedOnToolsVersion = 11.7;
					};
				};
			};
			buildConfigurationList = EFF79D6D250F7C1E00815ED3 /* Build configuration list for PBXProject "chat" */;
			compatibilityVersion = "Xcode 9.3";
			developmentRegion = en;
			hasScannedForEncodings = 0;
			knownRegions = (
				en,
				Base,
			);
			mainGroup = EFF79D69250F7C1E00815ED3;
			productRefGroup = EFF79D73250F7C1E00815ED3 /* Products */;
			projectDirPath = "";
			projectRoot = "";
			targets = (
				EFF79D71250F7C1E00815ED3 /* chat */,
			);
		};
/* End PBXProject section */

/* Begin PBXResourcesBuildPhase section */
		EFF79D70250F7C1E00815ED3 /* Resources */ = {
			isa = PBXResourcesBuildPhase;
			buildActionMask = 2147483647;
			files = (
				EF9284882523ABC80018439D /* IncomingMessageTableViewCell.xib in Resources */,
				EFD7BB2E252D9B2000D6120E /* ConversationViewController.xib in Resources */,
				EF092B112520AAD0002BABA3 /* ConversationsListTableViewCell.xib in Resources */,
				EFF79D82250F7C2200815ED3 /* LaunchScreen.storyboard in Resources */,
				EF92848D2523B8A70018439D /* OutcomingMessageTableViewCell.xib in Resources */,
				EFF79D7F250F7C2200815ED3 /* Assets.xcassets in Resources */,
				EF8FA9AF252C907A008FBFAE /* ThemesViewController.xib in Resources */,
				EFF79D7D250F7C1E00815ED3 /* Main.storyboard in Resources */,
			);
			runOnlyForDeploymentPostprocessing = 0;
		};
/* End PBXResourcesBuildPhase section */

/* Begin PBXSourcesBuildPhase section */
		EFF79D6E250F7C1E00815ED3 /* Sources */ = {
			isa = PBXSourcesBuildPhase;
			buildActionMask = 2147483647;
			files = (
				EFD7BB2D252D9B2000D6120E /* ConversationViewController.swift in Sources */,
				EF5C2605250FAE5D00B4B1F4 /* LogManager.swift in Sources */,
				EF46F4932521C90900754D91 /* ConvesationsListInfo.swift in Sources */,
				EF9284872523ABC80018439D /* IncomingMessageTableViewCell.swift in Sources */,
				EF8708DD252CAB6900EFCE78 /* Theme.swift in Sources */,
				EF9284802523A17D0018439D /* ConfigurableViewProtocol.swift in Sources */,
				EF092B102520AAD0002BABA3 /* ConversationsListTableViewCell.swift in Sources */,
				EF092B0C2520A46E002BABA3 /* ConversationsListViewController.swift in Sources */,
				EF92848C2523B8A70018439D /* OutcomingMessageTableViewCell.swift in Sources */,
				EFF79D7A250F7C1E00815ED3 /* ProfileViewController.swift in Sources */,
				EF9284912523BEC90018439D /* ConversationInfo.swift in Sources */,
				EF8FA9AE252C907A008FBFAE /* ThemesViewController.swift in Sources */,
				EFF79D76250F7C1E00815ED3 /* AppDelegate.swift in Sources */,
			);
			runOnlyForDeploymentPostprocessing = 0;
		};
/* End PBXSourcesBuildPhase section */

/* Begin PBXVariantGroup section */
		EFF79D7B250F7C1E00815ED3 /* Main.storyboard */ = {
			isa = PBXVariantGroup;
			children = (
				EFF79D7C250F7C1E00815ED3 /* Base */,
			);
			name = Main.storyboard;
			sourceTree = "<group>";
		};
		EFF79D80250F7C2200815ED3 /* LaunchScreen.storyboard */ = {
			isa = PBXVariantGroup;
			children = (
				EFF79D81250F7C2200815ED3 /* Base */,
			);
			name = LaunchScreen.storyboard;
			sourceTree = "<group>";
		};
/* End PBXVariantGroup section */

/* Begin XCBuildConfiguration section */
		EFF79D84250F7C2200815ED3 /* Debug */ = {
			isa = XCBuildConfiguration;
			buildSettings = {
				ALWAYS_SEARCH_USER_PATHS = NO;
				CLANG_ANALYZER_NONNULL = YES;
				CLANG_ANALYZER_NUMBER_OBJECT_CONVERSION = YES_AGGRESSIVE;
				CLANG_CXX_LANGUAGE_STANDARD = "gnu++14";
				CLANG_CXX_LIBRARY = "libc++";
				CLANG_ENABLE_MODULES = YES;
				CLANG_ENABLE_OBJC_ARC = YES;
				CLANG_ENABLE_OBJC_WEAK = YES;
				CLANG_WARN_BLOCK_CAPTURE_AUTORELEASING = YES;
				CLANG_WARN_BOOL_CONVERSION = YES;
				CLANG_WARN_COMMA = YES;
				CLANG_WARN_CONSTANT_CONVERSION = YES;
				CLANG_WARN_DEPRECATED_OBJC_IMPLEMENTATIONS = YES;
				CLANG_WARN_DIRECT_OBJC_ISA_USAGE = YES_ERROR;
				CLANG_WARN_DOCUMENTATION_COMMENTS = YES;
				CLANG_WARN_EMPTY_BODY = YES;
				CLANG_WARN_ENUM_CONVERSION = YES;
				CLANG_WARN_INFINITE_RECURSION = YES;
				CLANG_WARN_INT_CONVERSION = YES;
				CLANG_WARN_NON_LITERAL_NULL_CONVERSION = YES;
				CLANG_WARN_OBJC_IMPLICIT_RETAIN_SELF = YES;
				CLANG_WARN_OBJC_LITERAL_CONVERSION = YES;
				CLANG_WARN_OBJC_ROOT_CLASS = YES_ERROR;
				CLANG_WARN_QUOTED_INCLUDE_IN_FRAMEWORK_HEADER = YES;
				CLANG_WARN_RANGE_LOOP_ANALYSIS = YES;
				CLANG_WARN_STRICT_PROTOTYPES = YES;
				CLANG_WARN_SUSPICIOUS_MOVE = YES;
				CLANG_WARN_UNGUARDED_AVAILABILITY = YES_AGGRESSIVE;
				CLANG_WARN_UNREACHABLE_CODE = YES;
				CLANG_WARN__DUPLICATE_METHOD_MATCH = YES;
				COPY_PHASE_STRIP = NO;
				DEBUG_INFORMATION_FORMAT = dwarf;
				ENABLE_STRICT_OBJC_MSGSEND = YES;
				ENABLE_TESTABILITY = YES;
				GCC_C_LANGUAGE_STANDARD = gnu11;
				GCC_DYNAMIC_NO_PIC = NO;
				GCC_NO_COMMON_BLOCKS = YES;
				GCC_OPTIMIZATION_LEVEL = 0;
				GCC_PREPROCESSOR_DEFINITIONS = (
					"DEBUG=1",
					"$(inherited)",
				);
				GCC_WARN_64_TO_32_BIT_CONVERSION = YES;
				GCC_WARN_ABOUT_RETURN_TYPE = YES_ERROR;
				GCC_WARN_UNDECLARED_SELECTOR = YES;
				GCC_WARN_UNINITIALIZED_AUTOS = YES_AGGRESSIVE;
				GCC_WARN_UNUSED_FUNCTION = YES;
				GCC_WARN_UNUSED_VARIABLE = YES;
				IPHONEOS_DEPLOYMENT_TARGET = 12.0;
				MTL_ENABLE_DEBUG_INFO = INCLUDE_SOURCE;
				MTL_FAST_MATH = YES;
				ONLY_ACTIVE_ARCH = YES;
				SDKROOT = iphoneos;
				SWIFT_ACTIVE_COMPILATION_CONDITIONS = DEBUG;
				SWIFT_OPTIMIZATION_LEVEL = "-Onone";
			};
			name = Debug;
		};
		EFF79D85250F7C2200815ED3 /* Release */ = {
			isa = XCBuildConfiguration;
			buildSettings = {
				ALWAYS_SEARCH_USER_PATHS = NO;
				CLANG_ANALYZER_NONNULL = YES;
				CLANG_ANALYZER_NUMBER_OBJECT_CONVERSION = YES_AGGRESSIVE;
				CLANG_CXX_LANGUAGE_STANDARD = "gnu++14";
				CLANG_CXX_LIBRARY = "libc++";
				CLANG_ENABLE_MODULES = YES;
				CLANG_ENABLE_OBJC_ARC = YES;
				CLANG_ENABLE_OBJC_WEAK = YES;
				CLANG_WARN_BLOCK_CAPTURE_AUTORELEASING = YES;
				CLANG_WARN_BOOL_CONVERSION = YES;
				CLANG_WARN_COMMA = YES;
				CLANG_WARN_CONSTANT_CONVERSION = YES;
				CLANG_WARN_DEPRECATED_OBJC_IMPLEMENTATIONS = YES;
				CLANG_WARN_DIRECT_OBJC_ISA_USAGE = YES_ERROR;
				CLANG_WARN_DOCUMENTATION_COMMENTS = YES;
				CLANG_WARN_EMPTY_BODY = YES;
				CLANG_WARN_ENUM_CONVERSION = YES;
				CLANG_WARN_INFINITE_RECURSION = YES;
				CLANG_WARN_INT_CONVERSION = YES;
				CLANG_WARN_NON_LITERAL_NULL_CONVERSION = YES;
				CLANG_WARN_OBJC_IMPLICIT_RETAIN_SELF = YES;
				CLANG_WARN_OBJC_LITERAL_CONVERSION = YES;
				CLANG_WARN_OBJC_ROOT_CLASS = YES_ERROR;
				CLANG_WARN_QUOTED_INCLUDE_IN_FRAMEWORK_HEADER = YES;
				CLANG_WARN_RANGE_LOOP_ANALYSIS = YES;
				CLANG_WARN_STRICT_PROTOTYPES = YES;
				CLANG_WARN_SUSPICIOUS_MOVE = YES;
				CLANG_WARN_UNGUARDED_AVAILABILITY = YES_AGGRESSIVE;
				CLANG_WARN_UNREACHABLE_CODE = YES;
				CLANG_WARN__DUPLICATE_METHOD_MATCH = YES;
				COPY_PHASE_STRIP = NO;
				DEBUG_INFORMATION_FORMAT = "dwarf-with-dsym";
				ENABLE_NS_ASSERTIONS = NO;
				ENABLE_STRICT_OBJC_MSGSEND = YES;
				GCC_C_LANGUAGE_STANDARD = gnu11;
				GCC_NO_COMMON_BLOCKS = YES;
				GCC_WARN_64_TO_32_BIT_CONVERSION = YES;
				GCC_WARN_ABOUT_RETURN_TYPE = YES_ERROR;
				GCC_WARN_UNDECLARED_SELECTOR = YES;
				GCC_WARN_UNINITIALIZED_AUTOS = YES_AGGRESSIVE;
				GCC_WARN_UNUSED_FUNCTION = YES;
				GCC_WARN_UNUSED_VARIABLE = YES;
				IPHONEOS_DEPLOYMENT_TARGET = 12.0;
				MTL_ENABLE_DEBUG_INFO = NO;
				MTL_FAST_MATH = YES;
				SDKROOT = iphoneos;
				SWIFT_COMPILATION_MODE = wholemodule;
				SWIFT_OPTIMIZATION_LEVEL = "-O";
				VALIDATE_PRODUCT = YES;
			};
			name = Release;
		};
		EFF79D87250F7C2200815ED3 /* Debug */ = {
			isa = XCBuildConfiguration;
			buildSettings = {
				ASSETCATALOG_COMPILER_APPICON_NAME = AppIcon;
				CODE_SIGN_STYLE = Automatic;
				DEVELOPMENT_TEAM = F68JF4M4B8;
				INFOPLIST_FILE = chat/Info.plist;
				IPHONEOS_DEPLOYMENT_TARGET = 12.0;
				LD_RUNPATH_SEARCH_PATHS = (
					"$(inherited)",
					"@executable_path/Frameworks",
				);
				PRODUCT_BUNDLE_IDENTIFIER = example.max.chat;
				PRODUCT_NAME = Chat;
				SWIFT_VERSION = 5.0;
				TARGETED_DEVICE_FAMILY = 1;
			};
			name = Debug;
		};
		EFF79D88250F7C2200815ED3 /* Release */ = {
			isa = XCBuildConfiguration;
			buildSettings = {
				ASSETCATALOG_COMPILER_APPICON_NAME = AppIcon;
				CODE_SIGN_STYLE = Automatic;
				DEVELOPMENT_TEAM = F68JF4M4B8;
				INFOPLIST_FILE = chat/Info.plist;
				IPHONEOS_DEPLOYMENT_TARGET = 12.0;
				LD_RUNPATH_SEARCH_PATHS = (
					"$(inherited)",
					"@executable_path/Frameworks",
				);
				PRODUCT_BUNDLE_IDENTIFIER = example.max.chat;
				PRODUCT_NAME = Chat;
				SWIFT_VERSION = 5.0;
				TARGETED_DEVICE_FAMILY = 1;
			};
			name = Release;
		};
/* End XCBuildConfiguration section */

/* Begin XCConfigurationList section */
		EFF79D6D250F7C1E00815ED3 /* Build configuration list for PBXProject "chat" */ = {
			isa = XCConfigurationList;
			buildConfigurations = (
				EFF79D84250F7C2200815ED3 /* Debug */,
				EFF79D85250F7C2200815ED3 /* Release */,
			);
			defaultConfigurationIsVisible = 0;
			defaultConfigurationName = Release;
		};
		EFF79D86250F7C2200815ED3 /* Build configuration list for PBXNativeTarget "chat" */ = {
			isa = XCConfigurationList;
			buildConfigurations = (
				EFF79D87250F7C2200815ED3 /* Debug */,
				EFF79D88250F7C2200815ED3 /* Release */,
			);
			defaultConfigurationIsVisible = 0;
			defaultConfigurationName = Release;
		};
/* End XCConfigurationList section */
	};
	rootObject = EFF79D6A250F7C1E00815ED3 /* Project object */;
}
