// !$*UTF8*$!
{
	archiveVersion = 1;
	classes = {
	};
	objectVersion = 51;
	objects = {

/* Begin PBXBuildFile section */
		0D07C3409B4E3A09CE562EF6 /* Pods_chat.framework in Frameworks */ = {isa = PBXBuildFile; fileRef = 43768A1AC8D57BA61A589CA9 /* Pods_chat.framework */; };
		61BFEAEC7D2F3EFBB0B280F1 /* Pods_ChatTests.framework in Frameworks */ = {isa = PBXBuildFile; fileRef = BE282E2B9BFDA9DF6E71657F /* Pods_ChatTests.framework */; };
		EF05F769255D33FE002F7A04 /* Profile.storyboard in Resources */ = {isa = PBXBuildFile; fileRef = EF05F768255D33FE002F7A04 /* Profile.storyboard */; };
		EF092B0C2520A46E002BABA3 /* ConversationsListViewController.swift in Sources */ = {isa = PBXBuildFile; fileRef = EF092B0B2520A46E002BABA3 /* ConversationsListViewController.swift */; };
		EF092B102520AAD0002BABA3 /* ConversationsListTableViewCell.swift in Sources */ = {isa = PBXBuildFile; fileRef = EF092B0E2520AAD0002BABA3 /* ConversationsListTableViewCell.swift */; };
		EF092B112520AAD0002BABA3 /* ConversationsListTableViewCell.xib in Resources */ = {isa = PBXBuildFile; fileRef = EF092B0F2520AAD0002BABA3 /* ConversationsListTableViewCell.xib */; };
		EF17EE102538B8EC005E7AD9 /* GoogleService-Info.plist in Resources */ = {isa = PBXBuildFile; fileRef = EF17EE0F2538B8EC005E7AD9 /* GoogleService-Info.plist */; };
		EF2CFB34256E33BA00D6692F /* AnimationHandler.swift in Sources */ = {isa = PBXBuildFile; fileRef = EF2CFB33256E33BA00D6692F /* AnimationHandler.swift */; };
		EF3039252563F666005DE5CA /* RequestsFactory.swift in Sources */ = {isa = PBXBuildFile; fileRef = EF3039242563F666005DE5CA /* RequestsFactory.swift */; };
		EF3039272563F6BB005DE5CA /* RequestSender.swift in Sources */ = {isa = PBXBuildFile; fileRef = EF3039262563F6BB005DE5CA /* RequestSender.swift */; };
		EF3039292563F73D005DE5CA /* PicturesListParser.swift in Sources */ = {isa = PBXBuildFile; fileRef = EF3039282563F73D005DE5CA /* PicturesListParser.swift */; };
		EF30392B2563F748005DE5CA /* PictureParser.swift in Sources */ = {isa = PBXBuildFile; fileRef = EF30392A2563F748005DE5CA /* PictureParser.swift */; };
		EF30392D256414A9005DE5CA /* PicturesCollectionViewCell.swift in Sources */ = {isa = PBXBuildFile; fileRef = EF30392C256414A9005DE5CA /* PicturesCollectionViewCell.swift */; };
		EF30392F25644497005DE5CA /* Requests.swift in Sources */ = {isa = PBXBuildFile; fileRef = EF30392E25644497005DE5CA /* Requests.swift */; };
		EF30393125644D60005DE5CA /* ParserProtocol.swift in Sources */ = {isa = PBXBuildFile; fileRef = EF30393025644D60005DE5CA /* ParserProtocol.swift */; };
		EF30393325645D49005DE5CA /* PicturesManager.swift in Sources */ = {isa = PBXBuildFile; fileRef = EF30393225645D49005DE5CA /* PicturesManager.swift */; };
		EF7262C325344928007D94E8 /* GCDDataManager.swift in Sources */ = {isa = PBXBuildFile; fileRef = EF7262C225344928007D94E8 /* GCDDataManager.swift */; };
		EF7262C62534493B007D94E8 /* OperationDataManager.swift in Sources */ = {isa = PBXBuildFile; fileRef = EF7262C52534493B007D94E8 /* OperationDataManager.swift */; };
		EF7262C925344999007D94E8 /* DataManagerProtocol.swift in Sources */ = {isa = PBXBuildFile; fileRef = EF7262C825344999007D94E8 /* DataManagerProtocol.swift */; };
		EF73E48B257626B200AADC2D /* ChatUITests.swift in Sources */ = {isa = PBXBuildFile; fileRef = EF73E48A257626B200AADC2D /* ChatUITests.swift */; };
		EF7633F72561710D002BF635 /* PicturesViewController.swift in Sources */ = {isa = PBXBuildFile; fileRef = EF7633F62561710D002BF635 /* PicturesViewController.swift */; };
		EF8708DD252CAB6900EFCE78 /* Theme.swift in Sources */ = {isa = PBXBuildFile; fileRef = EF8708DC252CAB6900EFCE78 /* Theme.swift */; };
		EF8C64BE255D561400B84D1D /* FirebaseManager.swift in Sources */ = {isa = PBXBuildFile; fileRef = EF8C64BD255D561400B84D1D /* FirebaseManager.swift */; };
		EF8FA9AE252C907A008FBFAE /* ThemesViewController.swift in Sources */ = {isa = PBXBuildFile; fileRef = EF8FA9AC252C907A008FBFAE /* ThemesViewController.swift */; };
		EF8FA9AF252C907A008FBFAE /* ThemesViewController.xib in Resources */ = {isa = PBXBuildFile; fileRef = EF8FA9AD252C907A008FBFAE /* ThemesViewController.xib */; };
		EF910F9D2547FF8100092A52 /* Chat.xcdatamodeld in Sources */ = {isa = PBXBuildFile; fileRef = EF910F9B2547FF8100092A52 /* Chat.xcdatamodeld */; };
		EF910F9F2548190F00092A52 /* CoreDataStack.swift in Sources */ = {isa = PBXBuildFile; fileRef = EF910F9E2548190F00092A52 /* CoreDataStack.swift */; };
		EF9284802523A17D0018439D /* ConfigurableViewProtocol.swift in Sources */ = {isa = PBXBuildFile; fileRef = EF92847F2523A17D0018439D /* ConfigurableViewProtocol.swift */; };
		EF9284872523ABC80018439D /* IncomingMessageCell.swift in Sources */ = {isa = PBXBuildFile; fileRef = EF9284852523ABC80018439D /* IncomingMessageCell.swift */; };
		EF9284882523ABC80018439D /* IncomingMessageCell.xib in Resources */ = {isa = PBXBuildFile; fileRef = EF9284862523ABC80018439D /* IncomingMessageCell.xib */; };
		EF92848C2523B8A70018439D /* OutcomingMessageCell.swift in Sources */ = {isa = PBXBuildFile; fileRef = EF92848A2523B8A70018439D /* OutcomingMessageCell.swift */; };
		EF92848D2523B8A70018439D /* OutcomingMessageCell.xib in Resources */ = {isa = PBXBuildFile; fileRef = EF92848B2523B8A70018439D /* OutcomingMessageCell.xib */; };
		EF97DF2A255D8FAA006EDE90 /* CoreDataManager.swift in Sources */ = {isa = PBXBuildFile; fileRef = EF97DF29255D8FAA006EDE90 /* CoreDataManager.swift */; };
		EFBBB0CE25767A950071E3AE /* ChatTests.swift in Sources */ = {isa = PBXBuildFile; fileRef = EFBBB0CD25767A950071E3AE /* ChatTests.swift */; };
		EFD3D0D7255AD87A006AECC9 /* UIViewController.swift in Sources */ = {isa = PBXBuildFile; fileRef = EFD3D0D6255AD87A006AECC9 /* UIViewController.swift */; };
		EFD6F7B3253AE457004EBB94 /* ChannelModel.swift in Sources */ = {isa = PBXBuildFile; fileRef = EFD6F7B2253AE457004EBB94 /* ChannelModel.swift */; };
		EFD6F7B5253AE484004EBB94 /* MessageModel.swift in Sources */ = {isa = PBXBuildFile; fileRef = EFD6F7B4253AE484004EBB94 /* MessageModel.swift */; };
		EFD7BB2D252D9B2000D6120E /* ConversationViewController.swift in Sources */ = {isa = PBXBuildFile; fileRef = EFD7BB2B252D9B2000D6120E /* ConversationViewController.swift */; };
		EFD7BB2E252D9B2000D6120E /* ConversationViewController.xib in Resources */ = {isa = PBXBuildFile; fileRef = EFD7BB2C252D9B2000D6120E /* ConversationViewController.xib */; };
		EFDD317F2577967400163D29 /* RequestSenderMock.swift in Sources */ = {isa = PBXBuildFile; fileRef = EFDD317E2577967400163D29 /* RequestSenderMock.swift */; };
		EFEF665B2576BCB600D06C2A /* CoreDataServiceMock.swift in Sources */ = {isa = PBXBuildFile; fileRef = EFEF665A2576BCB600D06C2A /* CoreDataServiceMock.swift */; };
		EFEF665D2576C98400D06C2A /* PicturesServiceMock.swift in Sources */ = {isa = PBXBuildFile; fileRef = EFEF665C2576C98400D06C2A /* PicturesServiceMock.swift */; };
		EFF79D76250F7C1E00815ED3 /* AppDelegate.swift in Sources */ = {isa = PBXBuildFile; fileRef = EFF79D75250F7C1E00815ED3 /* AppDelegate.swift */; };
		EFF79D7A250F7C1E00815ED3 /* ProfileViewController.swift in Sources */ = {isa = PBXBuildFile; fileRef = EFF79D79250F7C1E00815ED3 /* ProfileViewController.swift */; };
		EFF79D7D250F7C1E00815ED3 /* ConversationsList.storyboard in Resources */ = {isa = PBXBuildFile; fileRef = EFF79D7B250F7C1E00815ED3 /* ConversationsList.storyboard */; };
		EFF79D7F250F7C2200815ED3 /* Assets.xcassets in Resources */ = {isa = PBXBuildFile; fileRef = EFF79D7E250F7C2200815ED3 /* Assets.xcassets */; };
		EFF79D82250F7C2200815ED3 /* LaunchScreen.storyboard in Resources */ = {isa = PBXBuildFile; fileRef = EFF79D80250F7C2200815ED3 /* LaunchScreen.storyboard */; };
/* End PBXBuildFile section */

/* Begin PBXContainerItemProxy section */
		EF73E48D257626B200AADC2D /* PBXContainerItemProxy */ = {
			isa = PBXContainerItemProxy;
			containerPortal = EFF79D6A250F7C1E00815ED3 /* Project object */;
			proxyType = 1;
			remoteGlobalIDString = EFF79D71250F7C1E00815ED3;
			remoteInfo = chat;
		};
		EFBBB0D025767A950071E3AE /* PBXContainerItemProxy */ = {
			isa = PBXContainerItemProxy;
			containerPortal = EFF79D6A250F7C1E00815ED3 /* Project object */;
			proxyType = 1;
			remoteGlobalIDString = EFF79D71250F7C1E00815ED3;
			remoteInfo = chat;
		};
/* End PBXContainerItemProxy section */

/* Begin PBXFileReference section */
		0735339DFC0688C4BD5B71E0 /* Pods-ChatTests.debug.xcconfig */ = {isa = PBXFileReference; includeInIndex = 1; lastKnownFileType = text.xcconfig; name = "Pods-ChatTests.debug.xcconfig"; path = "Target Support Files/Pods-ChatTests/Pods-ChatTests.debug.xcconfig"; sourceTree = "<group>"; };
		43768A1AC8D57BA61A589CA9 /* Pods_chat.framework */ = {isa = PBXFileReference; explicitFileType = wrapper.framework; includeInIndex = 0; path = Pods_chat.framework; sourceTree = BUILT_PRODUCTS_DIR; };
		946F8A23266918A9E087D08D /* Pods-chat.release.xcconfig */ = {isa = PBXFileReference; includeInIndex = 1; lastKnownFileType = text.xcconfig; name = "Pods-chat.release.xcconfig"; path = "Target Support Files/Pods-chat/Pods-chat.release.xcconfig"; sourceTree = "<group>"; };
		9CF88ABE190912E9115724C7 /* Pods-chat.debug.xcconfig */ = {isa = PBXFileReference; includeInIndex = 1; lastKnownFileType = text.xcconfig; name = "Pods-chat.debug.xcconfig"; path = "Target Support Files/Pods-chat/Pods-chat.debug.xcconfig"; sourceTree = "<group>"; };
		BE282E2B9BFDA9DF6E71657F /* Pods_ChatTests.framework */ = {isa = PBXFileReference; explicitFileType = wrapper.framework; includeInIndex = 0; path = Pods_ChatTests.framework; sourceTree = BUILT_PRODUCTS_DIR; };
		EB03F8F7D6079239BA75C70B /* Pods-ChatTests.release.xcconfig */ = {isa = PBXFileReference; includeInIndex = 1; lastKnownFileType = text.xcconfig; name = "Pods-ChatTests.release.xcconfig"; path = "Target Support Files/Pods-ChatTests/Pods-ChatTests.release.xcconfig"; sourceTree = "<group>"; };
		EF05F768255D33FE002F7A04 /* Profile.storyboard */ = {isa = PBXFileReference; fileEncoding = 4; lastKnownFileType = file.storyboard; path = Profile.storyboard; sourceTree = "<group>"; };
		EF092B0B2520A46E002BABA3 /* ConversationsListViewController.swift */ = {isa = PBXFileReference; lastKnownFileType = sourcecode.swift; path = ConversationsListViewController.swift; sourceTree = "<group>"; };
		EF092B0E2520AAD0002BABA3 /* ConversationsListTableViewCell.swift */ = {isa = PBXFileReference; lastKnownFileType = sourcecode.swift; path = ConversationsListTableViewCell.swift; sourceTree = "<group>"; };
		EF092B0F2520AAD0002BABA3 /* ConversationsListTableViewCell.xib */ = {isa = PBXFileReference; lastKnownFileType = file.xib; path = ConversationsListTableViewCell.xib; sourceTree = "<group>"; };
		EF17EE0F2538B8EC005E7AD9 /* GoogleService-Info.plist */ = {isa = PBXFileReference; fileEncoding = 4; lastKnownFileType = text.plist.xml; path = "GoogleService-Info.plist"; sourceTree = "<group>"; };
		EF2CFB33256E33BA00D6692F /* AnimationHandler.swift */ = {isa = PBXFileReference; lastKnownFileType = sourcecode.swift; path = AnimationHandler.swift; sourceTree = "<group>"; };
		EF3039242563F666005DE5CA /* RequestsFactory.swift */ = {isa = PBXFileReference; lastKnownFileType = sourcecode.swift; path = RequestsFactory.swift; sourceTree = "<group>"; };
		EF3039262563F6BB005DE5CA /* RequestSender.swift */ = {isa = PBXFileReference; lastKnownFileType = sourcecode.swift; path = RequestSender.swift; sourceTree = "<group>"; };
		EF3039282563F73D005DE5CA /* PicturesListParser.swift */ = {isa = PBXFileReference; lastKnownFileType = sourcecode.swift; path = PicturesListParser.swift; sourceTree = "<group>"; };
		EF30392A2563F748005DE5CA /* PictureParser.swift */ = {isa = PBXFileReference; lastKnownFileType = sourcecode.swift; path = PictureParser.swift; sourceTree = "<group>"; };
		EF30392C256414A9005DE5CA /* PicturesCollectionViewCell.swift */ = {isa = PBXFileReference; lastKnownFileType = sourcecode.swift; path = PicturesCollectionViewCell.swift; sourceTree = "<group>"; };
		EF30392E25644497005DE5CA /* Requests.swift */ = {isa = PBXFileReference; lastKnownFileType = sourcecode.swift; path = Requests.swift; sourceTree = "<group>"; };
		EF30393025644D60005DE5CA /* ParserProtocol.swift */ = {isa = PBXFileReference; lastKnownFileType = sourcecode.swift; path = ParserProtocol.swift; sourceTree = "<group>"; };
		EF30393225645D49005DE5CA /* PicturesManager.swift */ = {isa = PBXFileReference; lastKnownFileType = sourcecode.swift; path = PicturesManager.swift; sourceTree = "<group>"; };
		EF7262C225344928007D94E8 /* GCDDataManager.swift */ = {isa = PBXFileReference; lastKnownFileType = sourcecode.swift; path = GCDDataManager.swift; sourceTree = "<group>"; };
		EF7262C52534493B007D94E8 /* OperationDataManager.swift */ = {isa = PBXFileReference; lastKnownFileType = sourcecode.swift; path = OperationDataManager.swift; sourceTree = "<group>"; };
		EF7262C825344999007D94E8 /* DataManagerProtocol.swift */ = {isa = PBXFileReference; lastKnownFileType = sourcecode.swift; path = DataManagerProtocol.swift; sourceTree = "<group>"; };
		EF73E488257626B200AADC2D /* ChatUITests.xctest */ = {isa = PBXFileReference; explicitFileType = wrapper.cfbundle; includeInIndex = 0; path = ChatUITests.xctest; sourceTree = BUILT_PRODUCTS_DIR; };
		EF73E48A257626B200AADC2D /* ChatUITests.swift */ = {isa = PBXFileReference; lastKnownFileType = sourcecode.swift; path = ChatUITests.swift; sourceTree = "<group>"; };
		EF73E48C257626B200AADC2D /* Info.plist */ = {isa = PBXFileReference; lastKnownFileType = text.plist.xml; path = Info.plist; sourceTree = "<group>"; };
		EF7633F62561710D002BF635 /* PicturesViewController.swift */ = {isa = PBXFileReference; lastKnownFileType = sourcecode.swift; path = PicturesViewController.swift; sourceTree = "<group>"; };
		EF8708DC252CAB6900EFCE78 /* Theme.swift */ = {isa = PBXFileReference; lastKnownFileType = sourcecode.swift; path = Theme.swift; sourceTree = "<group>"; };
		EF8C64BD255D561400B84D1D /* FirebaseManager.swift */ = {isa = PBXFileReference; lastKnownFileType = sourcecode.swift; path = FirebaseManager.swift; sourceTree = "<group>"; };
		EF8FA9AC252C907A008FBFAE /* ThemesViewController.swift */ = {isa = PBXFileReference; lastKnownFileType = sourcecode.swift; path = ThemesViewController.swift; sourceTree = "<group>"; };
		EF8FA9AD252C907A008FBFAE /* ThemesViewController.xib */ = {isa = PBXFileReference; lastKnownFileType = file.xib; path = ThemesViewController.xib; sourceTree = "<group>"; };
		EF910F9C2547FF8100092A52 /* Chat.xcdatamodel */ = {isa = PBXFileReference; lastKnownFileType = wrapper.xcdatamodel; path = Chat.xcdatamodel; sourceTree = "<group>"; };
		EF910F9E2548190F00092A52 /* CoreDataStack.swift */ = {isa = PBXFileReference; lastKnownFileType = sourcecode.swift; path = CoreDataStack.swift; sourceTree = "<group>"; };
		EF92847F2523A17D0018439D /* ConfigurableViewProtocol.swift */ = {isa = PBXFileReference; lastKnownFileType = sourcecode.swift; path = ConfigurableViewProtocol.swift; sourceTree = "<group>"; };
		EF9284852523ABC80018439D /* IncomingMessageCell.swift */ = {isa = PBXFileReference; lastKnownFileType = sourcecode.swift; path = IncomingMessageCell.swift; sourceTree = "<group>"; };
		EF9284862523ABC80018439D /* IncomingMessageCell.xib */ = {isa = PBXFileReference; lastKnownFileType = file.xib; path = IncomingMessageCell.xib; sourceTree = "<group>"; };
		EF92848A2523B8A70018439D /* OutcomingMessageCell.swift */ = {isa = PBXFileReference; lastKnownFileType = sourcecode.swift; path = OutcomingMessageCell.swift; sourceTree = "<group>"; };
		EF92848B2523B8A70018439D /* OutcomingMessageCell.xib */ = {isa = PBXFileReference; lastKnownFileType = file.xib; path = OutcomingMessageCell.xib; sourceTree = "<group>"; };
		EF97DF29255D8FAA006EDE90 /* CoreDataManager.swift */ = {isa = PBXFileReference; fileEncoding = 4; lastKnownFileType = sourcecode.swift; path = CoreDataManager.swift; sourceTree = "<group>"; };
		EFBBB0CB25767A950071E3AE /* ChatTests.xctest */ = {isa = PBXFileReference; explicitFileType = wrapper.cfbundle; includeInIndex = 0; path = ChatTests.xctest; sourceTree = BUILT_PRODUCTS_DIR; };
		EFBBB0CD25767A950071E3AE /* ChatTests.swift */ = {isa = PBXFileReference; lastKnownFileType = sourcecode.swift; path = ChatTests.swift; sourceTree = "<group>"; };
		EFBBB0CF25767A950071E3AE /* Info.plist */ = {isa = PBXFileReference; lastKnownFileType = text.plist.xml; path = Info.plist; sourceTree = "<group>"; };
		EFD3D0D6255AD87A006AECC9 /* UIViewController.swift */ = {isa = PBXFileReference; lastKnownFileType = sourcecode.swift; path = UIViewController.swift; sourceTree = "<group>"; };
		EFD6F7B2253AE457004EBB94 /* ChannelModel.swift */ = {isa = PBXFileReference; lastKnownFileType = sourcecode.swift; path = ChannelModel.swift; sourceTree = "<group>"; };
		EFD6F7B4253AE484004EBB94 /* MessageModel.swift */ = {isa = PBXFileReference; lastKnownFileType = sourcecode.swift; path = MessageModel.swift; sourceTree = "<group>"; };
		EFD7BB2B252D9B2000D6120E /* ConversationViewController.swift */ = {isa = PBXFileReference; lastKnownFileType = sourcecode.swift; path = ConversationViewController.swift; sourceTree = "<group>"; };
		EFD7BB2C252D9B2000D6120E /* ConversationViewController.xib */ = {isa = PBXFileReference; lastKnownFileType = file.xib; path = ConversationViewController.xib; sourceTree = "<group>"; };
		EFDD317E2577967400163D29 /* RequestSenderMock.swift */ = {isa = PBXFileReference; lastKnownFileType = sourcecode.swift; path = RequestSenderMock.swift; sourceTree = "<group>"; };
		EFEF665A2576BCB600D06C2A /* CoreDataServiceMock.swift */ = {isa = PBXFileReference; lastKnownFileType = sourcecode.swift; path = CoreDataServiceMock.swift; sourceTree = "<group>"; };
		EFEF665C2576C98400D06C2A /* PicturesServiceMock.swift */ = {isa = PBXFileReference; lastKnownFileType = sourcecode.swift; path = PicturesServiceMock.swift; sourceTree = "<group>"; };
		EFF79D72250F7C1E00815ED3 /* Chat.app */ = {isa = PBXFileReference; explicitFileType = wrapper.application; includeInIndex = 0; path = Chat.app; sourceTree = BUILT_PRODUCTS_DIR; };
		EFF79D75250F7C1E00815ED3 /* AppDelegate.swift */ = {isa = PBXFileReference; lastKnownFileType = sourcecode.swift; path = AppDelegate.swift; sourceTree = "<group>"; };
		EFF79D79250F7C1E00815ED3 /* ProfileViewController.swift */ = {isa = PBXFileReference; lastKnownFileType = sourcecode.swift; path = ProfileViewController.swift; sourceTree = "<group>"; };
		EFF79D7C250F7C1E00815ED3 /* Base */ = {isa = PBXFileReference; lastKnownFileType = file.storyboard; name = Base; path = Base.lproj/ConversationsList.storyboard; sourceTree = "<group>"; };
		EFF79D7E250F7C2200815ED3 /* Assets.xcassets */ = {isa = PBXFileReference; lastKnownFileType = folder.assetcatalog; path = Assets.xcassets; sourceTree = "<group>"; };
		EFF79D81250F7C2200815ED3 /* Base */ = {isa = PBXFileReference; lastKnownFileType = file.storyboard; name = Base; path = Base.lproj/LaunchScreen.storyboard; sourceTree = "<group>"; };
		EFF79D83250F7C2200815ED3 /* Info.plist */ = {isa = PBXFileReference; lastKnownFileType = text.plist.xml; path = Info.plist; sourceTree = "<group>"; };
/* End PBXFileReference section */

/* Begin PBXFrameworksBuildPhase section */
		EF73E485257626B200AADC2D /* Frameworks */ = {
			isa = PBXFrameworksBuildPhase;
			buildActionMask = 2147483647;
			files = (
			);
			runOnlyForDeploymentPostprocessing = 0;
		};
		EFBBB0C825767A950071E3AE /* Frameworks */ = {
			isa = PBXFrameworksBuildPhase;
			buildActionMask = 2147483647;
			files = (
				61BFEAEC7D2F3EFBB0B280F1 /* Pods_ChatTests.framework in Frameworks */,
			);
			runOnlyForDeploymentPostprocessing = 0;
		};
		EFF79D6F250F7C1E00815ED3 /* Frameworks */ = {
			isa = PBXFrameworksBuildPhase;
			buildActionMask = 2147483647;
			files = (
				0D07C3409B4E3A09CE562EF6 /* Pods_chat.framework in Frameworks */,
			);
			runOnlyForDeploymentPostprocessing = 0;
		};
/* End PBXFrameworksBuildPhase section */

/* Begin PBXGroup section */
		088A1E603D801380D38B6B01 /* Pods */ = {
			isa = PBXGroup;
			children = (
				9CF88ABE190912E9115724C7 /* Pods-chat.debug.xcconfig */,
				946F8A23266918A9E087D08D /* Pods-chat.release.xcconfig */,
				0735339DFC0688C4BD5B71E0 /* Pods-ChatTests.debug.xcconfig */,
				EB03F8F7D6079239BA75C70B /* Pods-ChatTests.release.xcconfig */,
			);
			path = Pods;
			sourceTree = "<group>";
		};
		773C442EEE2362B1CE5F96FC /* Frameworks */ = {
			isa = PBXGroup;
			children = (
				43768A1AC8D57BA61A589CA9 /* Pods_chat.framework */,
				BE282E2B9BFDA9DF6E71657F /* Pods_ChatTests.framework */,
			);
			name = Frameworks;
			sourceTree = "<group>";
		};
		EF1415FD252C79D2004EF80D /* Profile */ = {
			isa = PBXGroup;
			children = (
				EF8C64CB255D853B00B84D1D /* View */,
				EF8C64CA255D852900B84D1D /* Controller */,
			);
			path = Profile;
			sourceTree = "<group>";
		};
		EF1415FF252C7A89004EF80D /* Conversation */ = {
			isa = PBXGroup;
			children = (
				EF8C64C7255D849600B84D1D /* Model */,
				EF8C64C8255D84B500B84D1D /* View */,
				EF8C64C9255D84C500B84D1D /* Controller */,
			);
			path = Conversation;
			sourceTree = "<group>";
		};
		EF141601252C7AAA004EF80D /* ConversationsList */ = {
			isa = PBXGroup;
			children = (
				EF8C64C4255D7E9700B84D1D /* Model */,
				EF8C64C6255D7EB400B84D1D /* View */,
				EF8C64C5255D7EAB00B84D1D /* Controller */,
			);
			path = ConversationsList;
			sourceTree = "<group>";
		};
		EF3039232563F623005DE5CA /* Network */ = {
			isa = PBXGroup;
			children = (
				EF3039242563F666005DE5CA /* RequestsFactory.swift */,
				EF3039262563F6BB005DE5CA /* RequestSender.swift */,
				EF30392E25644497005DE5CA /* Requests.swift */,
				EF3039282563F73D005DE5CA /* PicturesListParser.swift */,
				EF30392A2563F748005DE5CA /* PictureParser.swift */,
				EF30393025644D60005DE5CA /* ParserProtocol.swift */,
			);
			path = Network;
			sourceTree = "<group>";
		};
		EF30393625656E46005DE5CA /* Controller */ = {
			isa = PBXGroup;
			children = (
				EF7633F62561710D002BF635 /* PicturesViewController.swift */,
			);
			path = Controller;
			sourceTree = "<group>";
		};
		EF30393725656E51005DE5CA /* View */ = {
			isa = PBXGroup;
			children = (
				EF30392C256414A9005DE5CA /* PicturesCollectionViewCell.swift */,
			);
			path = View;
			sourceTree = "<group>";
		};
		EF73E489257626B200AADC2D /* ChatUITests */ = {
			isa = PBXGroup;
			children = (
				EF73E48A257626B200AADC2D /* ChatUITests.swift */,
				EF73E48C257626B200AADC2D /* Info.plist */,
			);
			path = ChatUITests;
			sourceTree = "<group>";
		};
		EF7633F5256170E4002BF635 /* Pictures */ = {
			isa = PBXGroup;
			children = (
				EF30393625656E46005DE5CA /* Controller */,
				EF30393725656E51005DE5CA /* View */,
			);
			path = Pictures;
			sourceTree = "<group>";
		};
		EF865A94255962E400FEF2DE /* Supporting Files */ = {
			isa = PBXGroup;
			children = (
				EFF79D7E250F7C2200815ED3 /* Assets.xcassets */,
				EFF79D80250F7C2200815ED3 /* LaunchScreen.storyboard */,
				EF17EE0F2538B8EC005E7AD9 /* GoogleService-Info.plist */,
				EFF79D83250F7C2200815ED3 /* Info.plist */,
			);
			path = "Supporting Files";
			sourceTree = "<group>";
		};
		EF89C8F3256CFFF2007DAFCE /* Animation */ = {
			isa = PBXGroup;
			children = (
				EF2CFB33256E33BA00D6692F /* AnimationHandler.swift */,
			);
			path = Animation;
			sourceTree = "<group>";
		};
		EF8C64BF255D765F00B84D1D /* Presentation Layer */ = {
			isa = PBXGroup;
			children = (
				EF89C8F3256CFFF2007DAFCE /* Animation */,
				EF8C64C2255D7C9500B84D1D /* Modules */,
			);
			path = "Presentation Layer";
			sourceTree = "<group>";
		};
		EF8C64C0255D768E00B84D1D /* Service Layer */ = {
			isa = PBXGroup;
			children = (
				EF8C64C3255D7CD400B84D1D /* Services */,
			);
			path = "Service Layer";
			sourceTree = "<group>";
		};
		EF8C64C1255D76BF00B84D1D /* Core Layer */ = {
			isa = PBXGroup;
			children = (
				EF3039232563F623005DE5CA /* Network */,
				EF910F9B2547FF8100092A52 /* Chat.xcdatamodeld */,
				EF910F9E2548190F00092A52 /* CoreDataStack.swift */,
				EF92847F2523A17D0018439D /* ConfigurableViewProtocol.swift */,
				EF7262C825344999007D94E8 /* DataManagerProtocol.swift */,
			);
			path = "Core Layer";
			sourceTree = "<group>";
		};
		EF8C64C2255D7C9500B84D1D /* Modules */ = {
			isa = PBXGroup;
			children = (
				EF7633F5256170E4002BF635 /* Pictures */,
				EF141601252C7AAA004EF80D /* ConversationsList */,
				EF1415FF252C7A89004EF80D /* Conversation */,
				EF1415FD252C79D2004EF80D /* Profile */,
				EFB97927252D90AC0075F11F /* Themes */,
			);
			path = Modules;
			sourceTree = "<group>";
		};
		EF8C64C3255D7CD400B84D1D /* Services */ = {
			isa = PBXGroup;
			children = (
				EF7262C225344928007D94E8 /* GCDDataManager.swift */,
				EF7262C52534493B007D94E8 /* OperationDataManager.swift */,
				EF8C64BD255D561400B84D1D /* FirebaseManager.swift */,
				EF97DF29255D8FAA006EDE90 /* CoreDataManager.swift */,
				EF8708DC252CAB6900EFCE78 /* Theme.swift */,
				EF30393225645D49005DE5CA /* PicturesManager.swift */,
			);
			path = Services;
			sourceTree = "<group>";
		};
		EF8C64C4255D7E9700B84D1D /* Model */ = {
			isa = PBXGroup;
			children = (
				EFD6F7B2253AE457004EBB94 /* ChannelModel.swift */,
			);
			path = Model;
			sourceTree = "<group>";
		};
		EF8C64C5255D7EAB00B84D1D /* Controller */ = {
			isa = PBXGroup;
			children = (
				EF092B0B2520A46E002BABA3 /* ConversationsListViewController.swift */,
			);
			path = Controller;
			sourceTree = "<group>";
		};
		EF8C64C6255D7EB400B84D1D /* View */ = {
			isa = PBXGroup;
			children = (
				EFF79D7B250F7C1E00815ED3 /* ConversationsList.storyboard */,
				EF092B0E2520AAD0002BABA3 /* ConversationsListTableViewCell.swift */,
				EF092B0F2520AAD0002BABA3 /* ConversationsListTableViewCell.xib */,
			);
			path = View;
			sourceTree = "<group>";
		};
		EF8C64C7255D849600B84D1D /* Model */ = {
			isa = PBXGroup;
			children = (
				EFD6F7B4253AE484004EBB94 /* MessageModel.swift */,
			);
			path = Model;
			sourceTree = "<group>";
		};
		EF8C64C8255D84B500B84D1D /* View */ = {
			isa = PBXGroup;
			children = (
				EFD7BB2C252D9B2000D6120E /* ConversationViewController.xib */,
				EF92848A2523B8A70018439D /* OutcomingMessageCell.swift */,
				EF92848B2523B8A70018439D /* OutcomingMessageCell.xib */,
				EF9284852523ABC80018439D /* IncomingMessageCell.swift */,
				EF9284862523ABC80018439D /* IncomingMessageCell.xib */,
			);
			path = View;
			sourceTree = "<group>";
		};
		EF8C64C9255D84C500B84D1D /* Controller */ = {
			isa = PBXGroup;
			children = (
				EFD7BB2B252D9B2000D6120E /* ConversationViewController.swift */,
			);
			path = Controller;
			sourceTree = "<group>";
		};
		EF8C64CA255D852900B84D1D /* Controller */ = {
			isa = PBXGroup;
			children = (
				EFF79D79250F7C1E00815ED3 /* ProfileViewController.swift */,
			);
			path = Controller;
			sourceTree = "<group>";
		};
		EF8C64CB255D853B00B84D1D /* View */ = {
			isa = PBXGroup;
			children = (
				EF05F768255D33FE002F7A04 /* Profile.storyboard */,
			);
			path = View;
			sourceTree = "<group>";
		};
		EF8C64CC255D861400B84D1D /* Controller */ = {
			isa = PBXGroup;
			children = (
				EF8FA9AC252C907A008FBFAE /* ThemesViewController.swift */,
			);
			path = Controller;
			sourceTree = "<group>";
		};
		EF8C64CD255D861F00B84D1D /* View */ = {
			isa = PBXGroup;
			children = (
				EF8FA9AD252C907A008FBFAE /* ThemesViewController.xib */,
			);
			path = View;
			sourceTree = "<group>";
		};
		EFB97927252D90AC0075F11F /* Themes */ = {
			isa = PBXGroup;
			children = (
				EF8C64CC255D861400B84D1D /* Controller */,
				EF8C64CD255D861F00B84D1D /* View */,
			);
			path = Themes;
			sourceTree = "<group>";
		};
		EFBBB0CC25767A950071E3AE /* ChatTests */ = {
			isa = PBXGroup;
			children = (
				EFBBB0CD25767A950071E3AE /* ChatTests.swift */,
				EFBBB0CF25767A950071E3AE /* Info.plist */,
				EFEF665A2576BCB600D06C2A /* CoreDataServiceMock.swift */,
				EFEF665C2576C98400D06C2A /* PicturesServiceMock.swift */,
				EFDD317E2577967400163D29 /* RequestSenderMock.swift */,
			);
			path = ChatTests;
			sourceTree = "<group>";
		};
		EFD3D0D5255AD85B006AECC9 /* Extentions */ = {
			isa = PBXGroup;
			children = (
				EFD3D0D6255AD87A006AECC9 /* UIViewController.swift */,
			);
			path = Extentions;
			sourceTree = "<group>";
		};
		EFF79D69250F7C1E00815ED3 = {
			isa = PBXGroup;
			children = (
				EFF79D74250F7C1E00815ED3 /* chat */,
				EF73E489257626B200AADC2D /* ChatUITests */,
				EFBBB0CC25767A950071E3AE /* ChatTests */,
				EFF79D73250F7C1E00815ED3 /* Products */,
				088A1E603D801380D38B6B01 /* Pods */,
				773C442EEE2362B1CE5F96FC /* Frameworks */,
			);
			sourceTree = "<group>";
		};
		EFF79D73250F7C1E00815ED3 /* Products */ = {
			isa = PBXGroup;
			children = (
				EFF79D72250F7C1E00815ED3 /* Chat.app */,
				EF73E488257626B200AADC2D /* ChatUITests.xctest */,
				EFBBB0CB25767A950071E3AE /* ChatTests.xctest */,
			);
			name = Products;
			sourceTree = "<group>";
		};
		EFF79D74250F7C1E00815ED3 /* chat */ = {
			isa = PBXGroup;
			children = (
				EFF79D75250F7C1E00815ED3 /* AppDelegate.swift */,
				EF8C64BF255D765F00B84D1D /* Presentation Layer */,
				EF8C64C0255D768E00B84D1D /* Service Layer */,
				EF8C64C1255D76BF00B84D1D /* Core Layer */,
				EFD3D0D5255AD85B006AECC9 /* Extentions */,
				EF865A94255962E400FEF2DE /* Supporting Files */,
			);
			path = chat;
			sourceTree = "<group>";
		};
/* End PBXGroup section */

/* Begin PBXNativeTarget section */
		EF73E487257626B200AADC2D /* ChatUITests */ = {
			isa = PBXNativeTarget;
			buildConfigurationList = EF73E48F257626B200AADC2D /* Build configuration list for PBXNativeTarget "ChatUITests" */;
			buildPhases = (
				EF73E484257626B200AADC2D /* Sources */,
				EF73E485257626B200AADC2D /* Frameworks */,
				EF73E486257626B200AADC2D /* Resources */,
			);
			buildRules = (
			);
			dependencies = (
				EF73E48E257626B200AADC2D /* PBXTargetDependency */,
			);
			name = ChatUITests;
			productName = ChatUITests;
			productReference = EF73E488257626B200AADC2D /* ChatUITests.xctest */;
			productType = "com.apple.product-type.bundle.ui-testing";
		};
		EFBBB0CA25767A950071E3AE /* ChatTests */ = {
			isa = PBXNativeTarget;
			buildConfigurationList = EFBBB0D425767A950071E3AE /* Build configuration list for PBXNativeTarget "ChatTests" */;
			buildPhases = (
				C5EA995F3A84D3E29350F525 /* [CP] Check Pods Manifest.lock */,
				EFBBB0C725767A950071E3AE /* Sources */,
				EFBBB0C825767A950071E3AE /* Frameworks */,
				EFBBB0C925767A950071E3AE /* Resources */,
			);
			buildRules = (
			);
			dependencies = (
				EFBBB0D125767A950071E3AE /* PBXTargetDependency */,
			);
			name = ChatTests;
			productName = ChatTests;
			productReference = EFBBB0CB25767A950071E3AE /* ChatTests.xctest */;
			productType = "com.apple.product-type.bundle.unit-test";
		};
		EFF79D71250F7C1E00815ED3 /* chat */ = {
			isa = PBXNativeTarget;
			buildConfigurationList = EFF79D86250F7C2200815ED3 /* Build configuration list for PBXNativeTarget "chat" */;
			buildPhases = (
				653496EA153AA42AADFC416E /* [CP] Check Pods Manifest.lock */,
				EFF79D6E250F7C1E00815ED3 /* Sources */,
				EFF79D6F250F7C1E00815ED3 /* Frameworks */,
				EFF79D70250F7C1E00815ED3 /* Resources */,
				047DFC5B7FBBD066FA93191A /* [CP] Embed Pods Frameworks */,
				EFFC42822539989600999282 /* ShellScript */,
			);
			buildRules = (
			);
			dependencies = (
			);
			name = chat;
			productName = chat;
			productReference = EFF79D72250F7C1E00815ED3 /* Chat.app */;
			productType = "com.apple.product-type.application";
		};
/* End PBXNativeTarget section */

/* Begin PBXProject section */
		EFF79D6A250F7C1E00815ED3 /* Project object */ = {
			isa = PBXProject;
			attributes = {
				LastSwiftUpdateCheck = 1160;
				LastUpgradeCheck = 1200;
				ORGANIZATIONNAME = Maxim;
				TargetAttributes = {
					EF73E487257626B200AADC2D = {
						CreatedOnToolsVersion = 11.6;
						TestTargetID = EFF79D71250F7C1E00815ED3;
					};
					EFBBB0CA25767A950071E3AE = {
						CreatedOnToolsVersion = 11.6;
						TestTargetID = EFF79D71250F7C1E00815ED3;
					};
					EFF79D71250F7C1E00815ED3 = {
						CreatedOnToolsVersion = 11.7;
					};
				};
			};
			buildConfigurationList = EFF79D6D250F7C1E00815ED3 /* Build configuration list for PBXProject "chat" */;
			compatibilityVersion = "Xcode 9.3";
			developmentRegion = en;
			hasScannedForEncodings = 0;
			knownRegions = (
				en,
				Base,
			);
			mainGroup = EFF79D69250F7C1E00815ED3;
			productRefGroup = EFF79D73250F7C1E00815ED3 /* Products */;
			projectDirPath = "";
			projectRoot = "";
			targets = (
				EFF79D71250F7C1E00815ED3 /* chat */,
				EF73E487257626B200AADC2D /* ChatUITests */,
				EFBBB0CA25767A950071E3AE /* ChatTests */,
			);
		};
/* End PBXProject section */

/* Begin PBXResourcesBuildPhase section */
		EF73E486257626B200AADC2D /* Resources */ = {
			isa = PBXResourcesBuildPhase;
			buildActionMask = 2147483647;
			files = (
			);
			runOnlyForDeploymentPostprocessing = 0;
		};
		EFBBB0C925767A950071E3AE /* Resources */ = {
			isa = PBXResourcesBuildPhase;
			buildActionMask = 2147483647;
			files = (
			);
			runOnlyForDeploymentPostprocessing = 0;
		};
		EFF79D70250F7C1E00815ED3 /* Resources */ = {
			isa = PBXResourcesBuildPhase;
			buildActionMask = 2147483647;
			files = (
				EF9284882523ABC80018439D /* IncomingMessageCell.xib in Resources */,
				EFD7BB2E252D9B2000D6120E /* ConversationViewController.xib in Resources */,
				EF05F769255D33FE002F7A04 /* Profile.storyboard in Resources */,
				EF17EE102538B8EC005E7AD9 /* GoogleService-Info.plist in Resources */,
				EF092B112520AAD0002BABA3 /* ConversationsListTableViewCell.xib in Resources */,
				EFF79D82250F7C2200815ED3 /* LaunchScreen.storyboard in Resources */,
				EF92848D2523B8A70018439D /* OutcomingMessageCell.xib in Resources */,
				EFF79D7F250F7C2200815ED3 /* Assets.xcassets in Resources */,
				EF8FA9AF252C907A008FBFAE /* ThemesViewController.xib in Resources */,
				EFF79D7D250F7C1E00815ED3 /* ConversationsList.storyboard in Resources */,
			);
			runOnlyForDeploymentPostprocessing = 0;
		};
/* End PBXResourcesBuildPhase section */

/* Begin PBXShellScriptBuildPhase section */
		047DFC5B7FBBD066FA93191A /* [CP] Embed Pods Frameworks */ = {
			isa = PBXShellScriptBuildPhase;
			buildActionMask = 2147483647;
			files = (
			);
			inputFileListPaths = (
				"${PODS_ROOT}/Target Support Files/Pods-chat/Pods-chat-frameworks-${CONFIGURATION}-input-files.xcfilelist",
			);
			name = "[CP] Embed Pods Frameworks";
			outputFileListPaths = (
				"${PODS_ROOT}/Target Support Files/Pods-chat/Pods-chat-frameworks-${CONFIGURATION}-output-files.xcfilelist",
			);
			runOnlyForDeploymentPostprocessing = 0;
			shellPath = /bin/sh;
			shellScript = "\"${PODS_ROOT}/Target Support Files/Pods-chat/Pods-chat-frameworks.sh\"\n";
			showEnvVarsInLog = 0;
		};
		653496EA153AA42AADFC416E /* [CP] Check Pods Manifest.lock */ = {
			isa = PBXShellScriptBuildPhase;
			buildActionMask = 2147483647;
			files = (
			);
			inputFileListPaths = (
			);
			inputPaths = (
				"${PODS_PODFILE_DIR_PATH}/Podfile.lock",
				"${PODS_ROOT}/Manifest.lock",
			);
			name = "[CP] Check Pods Manifest.lock";
			outputFileListPaths = (
			);
			outputPaths = (
				"$(DERIVED_FILE_DIR)/Pods-chat-checkManifestLockResult.txt",
			);
			runOnlyForDeploymentPostprocessing = 0;
			shellPath = /bin/sh;
			shellScript = "diff \"${PODS_PODFILE_DIR_PATH}/Podfile.lock\" \"${PODS_ROOT}/Manifest.lock\" > /dev/null\nif [ $? != 0 ] ; then\n    # print error to STDERR\n    echo \"error: The sandbox is not in sync with the Podfile.lock. Run 'pod install' or update your CocoaPods installation.\" >&2\n    exit 1\nfi\n# This output is used by Xcode 'outputs' to avoid re-running this script phase.\necho \"SUCCESS\" > \"${SCRIPT_OUTPUT_FILE_0}\"\n";
			showEnvVarsInLog = 0;
		};
		C5EA995F3A84D3E29350F525 /* [CP] Check Pods Manifest.lock */ = {
			isa = PBXShellScriptBuildPhase;
			buildActionMask = 2147483647;
			files = (
			);
			inputFileListPaths = (
			);
			inputPaths = (
				"${PODS_PODFILE_DIR_PATH}/Podfile.lock",
				"${PODS_ROOT}/Manifest.lock",
			);
			name = "[CP] Check Pods Manifest.lock";
			outputFileListPaths = (
			);
			outputPaths = (
				"$(DERIVED_FILE_DIR)/Pods-ChatTests-checkManifestLockResult.txt",
			);
			runOnlyForDeploymentPostprocessing = 0;
			shellPath = /bin/sh;
			shellScript = "diff \"${PODS_PODFILE_DIR_PATH}/Podfile.lock\" \"${PODS_ROOT}/Manifest.lock\" > /dev/null\nif [ $? != 0 ] ; then\n    # print error to STDERR\n    echo \"error: The sandbox is not in sync with the Podfile.lock. Run 'pod install' or update your CocoaPods installation.\" >&2\n    exit 1\nfi\n# This output is used by Xcode 'outputs' to avoid re-running this script phase.\necho \"SUCCESS\" > \"${SCRIPT_OUTPUT_FILE_0}\"\n";
			showEnvVarsInLog = 0;
		};
		EFFC42822539989600999282 /* ShellScript */ = {
			isa = PBXShellScriptBuildPhase;
			buildActionMask = 2147483647;
			files = (
			);
			inputFileListPaths = (
			);
			inputPaths = (
			);
			outputFileListPaths = (
			);
			outputPaths = (
			);
			runOnlyForDeploymentPostprocessing = 0;
			shellPath = /bin/sh;
			shellScript = "if which \"${PODS_ROOT}/SwiftLint/swiftlint\" >/dev/null; then\n    \"${PODS_ROOT}/SwiftLint/swiftlint\"\nelse\n    echo \"warning: SwiftLint not installed, download from https://github.com/realm/SwiftLint\"\nfi\n";
		};
/* End PBXShellScriptBuildPhase section */

/* Begin PBXSourcesBuildPhase section */
		EF73E484257626B200AADC2D /* Sources */ = {
			isa = PBXSourcesBuildPhase;
			buildActionMask = 2147483647;
			files = (
				EF73E48B257626B200AADC2D /* ChatUITests.swift in Sources */,
			);
			runOnlyForDeploymentPostprocessing = 0;
		};
		EFBBB0C725767A950071E3AE /* Sources */ = {
			isa = PBXSourcesBuildPhase;
			buildActionMask = 2147483647;
			files = (
				EFEF665B2576BCB600D06C2A /* CoreDataServiceMock.swift in Sources */,
				EFEF665D2576C98400D06C2A /* PicturesServiceMock.swift in Sources */,
				EFDD317F2577967400163D29 /* RequestSenderMock.swift in Sources */,
				EFBBB0CE25767A950071E3AE /* ChatTests.swift in Sources */,
			);
			runOnlyForDeploymentPostprocessing = 0;
		};
		EFF79D6E250F7C1E00815ED3 /* Sources */ = {
			isa = PBXSourcesBuildPhase;
			buildActionMask = 2147483647;
			files = (
				EFD7BB2D252D9B2000D6120E /* ConversationViewController.swift in Sources */,
				EF9284872523ABC80018439D /* IncomingMessageCell.swift in Sources */,
				EFD3D0D7255AD87A006AECC9 /* UIViewController.swift in Sources */,
				EF910F9F2548190F00092A52 /* CoreDataStack.swift in Sources */,
				EF7262C325344928007D94E8 /* GCDDataManager.swift in Sources */,
				EF8708DD252CAB6900EFCE78 /* Theme.swift in Sources */,
				EF2CFB34256E33BA00D6692F /* AnimationHandler.swift in Sources */,
				EF9284802523A17D0018439D /* ConfigurableViewProtocol.swift in Sources */,
				EF092B102520AAD0002BABA3 /* ConversationsListTableViewCell.swift in Sources */,
				EF092B0C2520A46E002BABA3 /* ConversationsListViewController.swift in Sources */,
				EF30393325645D49005DE5CA /* PicturesManager.swift in Sources */,
				EF92848C2523B8A70018439D /* OutcomingMessageCell.swift in Sources */,
				EF3039252563F666005DE5CA /* RequestsFactory.swift in Sources */,
				EFF79D7A250F7C1E00815ED3 /* ProfileViewController.swift in Sources */,
				EF7633F72561710D002BF635 /* PicturesViewController.swift in Sources */,
				EF8C64BE255D561400B84D1D /* FirebaseManager.swift in Sources */,
				EF30393125644D60005DE5CA /* ParserProtocol.swift in Sources */,
				EFD6F7B5253AE484004EBB94 /* MessageModel.swift in Sources */,
				EF7262C925344999007D94E8 /* DataManagerProtocol.swift in Sources */,
				EF3039272563F6BB005DE5CA /* RequestSender.swift in Sources */,
				EFD6F7B3253AE457004EBB94 /* ChannelModel.swift in Sources */,
				EF7262C62534493B007D94E8 /* OperationDataManager.swift in Sources */,
				EF3039292563F73D005DE5CA /* PicturesListParser.swift in Sources */,
				EF30392F25644497005DE5CA /* Requests.swift in Sources */,
				EF8FA9AE252C907A008FBFAE /* ThemesViewController.swift in Sources */,
				EF30392D256414A9005DE5CA /* PicturesCollectionViewCell.swift in Sources */,
				EF910F9D2547FF8100092A52 /* Chat.xcdatamodeld in Sources */,
				EF97DF2A255D8FAA006EDE90 /* CoreDataManager.swift in Sources */,
				EF30392B2563F748005DE5CA /* PictureParser.swift in Sources */,
				EFF79D76250F7C1E00815ED3 /* AppDelegate.swift in Sources */,
			);
			runOnlyForDeploymentPostprocessing = 0;
		};
/* End PBXSourcesBuildPhase section */

/* Begin PBXTargetDependency section */
		EF73E48E257626B200AADC2D /* PBXTargetDependency */ = {
			isa = PBXTargetDependency;
			target = EFF79D71250F7C1E00815ED3 /* chat */;
			targetProxy = EF73E48D257626B200AADC2D /* PBXContainerItemProxy */;
		};
		EFBBB0D125767A950071E3AE /* PBXTargetDependency */ = {
			isa = PBXTargetDependency;
			target = EFF79D71250F7C1E00815ED3 /* chat */;
			targetProxy = EFBBB0D025767A950071E3AE /* PBXContainerItemProxy */;
		};
/* End PBXTargetDependency section */

/* Begin PBXVariantGroup section */
		EFF79D7B250F7C1E00815ED3 /* ConversationsList.storyboard */ = {
			isa = PBXVariantGroup;
			children = (
				EFF79D7C250F7C1E00815ED3 /* Base */,
			);
			name = ConversationsList.storyboard;
			sourceTree = "<group>";
		};
		EFF79D80250F7C2200815ED3 /* LaunchScreen.storyboard */ = {
			isa = PBXVariantGroup;
			children = (
				EFF79D81250F7C2200815ED3 /* Base */,
			);
			name = LaunchScreen.storyboard;
			sourceTree = "<group>";
		};
/* End PBXVariantGroup section */

/* Begin XCBuildConfiguration section */
		EF73E490257626B200AADC2D /* Debug */ = {
			isa = XCBuildConfiguration;
			buildSettings = {
				CODE_SIGN_STYLE = Automatic;
				INFOPLIST_FILE = ChatUITests/Info.plist;
				IPHONEOS_DEPLOYMENT_TARGET = 13.6;
				LD_RUNPATH_SEARCH_PATHS = (
					"$(inherited)",
					"@executable_path/Frameworks",
					"@loader_path/Frameworks",
				);
				PRODUCT_BUNDLE_IDENTIFIER = ru.tinkoff.TinkoffChat.ChatUITests;
				PRODUCT_NAME = "$(TARGET_NAME)";
				SWIFT_VERSION = 5.0;
				TARGETED_DEVICE_FAMILY = "1,2";
				TEST_TARGET_NAME = chat;
			};
			name = Debug;
		};
		EF73E491257626B200AADC2D /* Release */ = {
			isa = XCBuildConfiguration;
			buildSettings = {
				CODE_SIGN_STYLE = Automatic;
				INFOPLIST_FILE = ChatUITests/Info.plist;
				IPHONEOS_DEPLOYMENT_TARGET = 13.6;
				LD_RUNPATH_SEARCH_PATHS = (
					"$(inherited)",
					"@executable_path/Frameworks",
					"@loader_path/Frameworks",
				);
				PRODUCT_BUNDLE_IDENTIFIER = ru.tinkoff.TinkoffChat.ChatUITests;
				PRODUCT_NAME = "$(TARGET_NAME)";
				SWIFT_VERSION = 5.0;
				TARGETED_DEVICE_FAMILY = "1,2";
				TEST_TARGET_NAME = chat;
			};
			name = Release;
		};
		EFBBB0D225767A950071E3AE /* Debug */ = {
			isa = XCBuildConfiguration;
			baseConfigurationReference = 0735339DFC0688C4BD5B71E0 /* Pods-ChatTests.debug.xcconfig */;
			buildSettings = {
				BUNDLE_LOADER = "$(TEST_HOST)";
				CODE_SIGN_STYLE = Automatic;
				INFOPLIST_FILE = ChatTests/Info.plist;
				IPHONEOS_DEPLOYMENT_TARGET = 13.6;
				LD_RUNPATH_SEARCH_PATHS = (
					"$(inherited)",
					"@executable_path/Frameworks",
					"@loader_path/Frameworks",
				);
				PRODUCT_BUNDLE_IDENTIFIER = ru.tinkoff.TinkoffChat.ChatTests;
				PRODUCT_NAME = "$(TARGET_NAME)";
				SWIFT_VERSION = 5.0;
				TARGETED_DEVICE_FAMILY = "1,2";
				TEST_HOST = "$(BUILT_PRODUCTS_DIR)/Chat.app/Chat";
			};
			name = Debug;
		};
		EFBBB0D325767A950071E3AE /* Release */ = {
			isa = XCBuildConfiguration;
			baseConfigurationReference = EB03F8F7D6079239BA75C70B /* Pods-ChatTests.release.xcconfig */;
			buildSettings = {
				BUNDLE_LOADER = "$(TEST_HOST)";
				CODE_SIGN_STYLE = Automatic;
				INFOPLIST_FILE = ChatTests/Info.plist;
				IPHONEOS_DEPLOYMENT_TARGET = 13.6;
				LD_RUNPATH_SEARCH_PATHS = (
					"$(inherited)",
					"@executable_path/Frameworks",
					"@loader_path/Frameworks",
				);
				PRODUCT_BUNDLE_IDENTIFIER = ru.tinkoff.TinkoffChat.ChatTests;
				PRODUCT_NAME = "$(TARGET_NAME)";
				SWIFT_VERSION = 5.0;
				TARGETED_DEVICE_FAMILY = "1,2";
				TEST_HOST = "$(BUILT_PRODUCTS_DIR)/Chat.app/Chat";
			};
			name = Release;
		};
		EFF79D84250F7C2200815ED3 /* Debug */ = {
			isa = XCBuildConfiguration;
			buildSettings = {
				ALWAYS_SEARCH_USER_PATHS = NO;
				CLANG_ANALYZER_NONNULL = YES;
				CLANG_ANALYZER_NUMBER_OBJECT_CONVERSION = YES_AGGRESSIVE;
				CLANG_CXX_LANGUAGE_STANDARD = "gnu++14";
				CLANG_CXX_LIBRARY = "libc++";
				CLANG_ENABLE_MODULES = YES;
				CLANG_ENABLE_OBJC_ARC = YES;
				CLANG_ENABLE_OBJC_WEAK = YES;
				CLANG_WARN_BLOCK_CAPTURE_AUTORELEASING = YES;
				CLANG_WARN_BOOL_CONVERSION = YES;
				CLANG_WARN_COMMA = YES;
				CLANG_WARN_CONSTANT_CONVERSION = YES;
				CLANG_WARN_DEPRECATED_OBJC_IMPLEMENTATIONS = YES;
				CLANG_WARN_DIRECT_OBJC_ISA_USAGE = YES_ERROR;
				CLANG_WARN_DOCUMENTATION_COMMENTS = YES;
				CLANG_WARN_EMPTY_BODY = YES;
				CLANG_WARN_ENUM_CONVERSION = YES;
				CLANG_WARN_INFINITE_RECURSION = YES;
				CLANG_WARN_INT_CONVERSION = YES;
				CLANG_WARN_NON_LITERAL_NULL_CONVERSION = YES;
				CLANG_WARN_OBJC_IMPLICIT_RETAIN_SELF = YES;
				CLANG_WARN_OBJC_LITERAL_CONVERSION = YES;
				CLANG_WARN_OBJC_ROOT_CLASS = YES_ERROR;
				CLANG_WARN_QUOTED_INCLUDE_IN_FRAMEWORK_HEADER = YES;
				CLANG_WARN_RANGE_LOOP_ANALYSIS = YES;
				CLANG_WARN_STRICT_PROTOTYPES = YES;
				CLANG_WARN_SUSPICIOUS_MOVE = YES;
				CLANG_WARN_UNGUARDED_AVAILABILITY = YES_AGGRESSIVE;
				CLANG_WARN_UNREACHABLE_CODE = YES;
				CLANG_WARN__DUPLICATE_METHOD_MATCH = YES;
				COPY_PHASE_STRIP = NO;
				DEBUG_INFORMATION_FORMAT = dwarf;
				ENABLE_STRICT_OBJC_MSGSEND = YES;
				ENABLE_TESTABILITY = YES;
				GCC_C_LANGUAGE_STANDARD = gnu11;
				GCC_DYNAMIC_NO_PIC = NO;
				GCC_NO_COMMON_BLOCKS = YES;
				GCC_OPTIMIZATION_LEVEL = 0;
				GCC_PREPROCESSOR_DEFINITIONS = (
					"DEBUG=1",
					"$(inherited)",
				);
				GCC_WARN_64_TO_32_BIT_CONVERSION = YES;
				GCC_WARN_ABOUT_RETURN_TYPE = YES_ERROR;
				GCC_WARN_UNDECLARED_SELECTOR = YES;
				GCC_WARN_UNINITIALIZED_AUTOS = YES_AGGRESSIVE;
				GCC_WARN_UNUSED_FUNCTION = YES;
				GCC_WARN_UNUSED_VARIABLE = YES;
				IPHONEOS_DEPLOYMENT_TARGET = 12.0;
				MTL_ENABLE_DEBUG_INFO = INCLUDE_SOURCE;
				MTL_FAST_MATH = YES;
				ONLY_ACTIVE_ARCH = YES;
				SDKROOT = iphoneos;
				SWIFT_ACTIVE_COMPILATION_CONDITIONS = DEBUG;
				SWIFT_OPTIMIZATION_LEVEL = "-Onone";
			};
			name = Debug;
		};
		EFF79D85250F7C2200815ED3 /* Release */ = {
			isa = XCBuildConfiguration;
			buildSettings = {
				ALWAYS_SEARCH_USER_PATHS = NO;
				CLANG_ANALYZER_NONNULL = YES;
				CLANG_ANALYZER_NUMBER_OBJECT_CONVERSION = YES_AGGRESSIVE;
				CLANG_CXX_LANGUAGE_STANDARD = "gnu++14";
				CLANG_CXX_LIBRARY = "libc++";
				CLANG_ENABLE_MODULES = YES;
				CLANG_ENABLE_OBJC_ARC = YES;
				CLANG_ENABLE_OBJC_WEAK = YES;
				CLANG_WARN_BLOCK_CAPTURE_AUTORELEASING = YES;
				CLANG_WARN_BOOL_CONVERSION = YES;
				CLANG_WARN_COMMA = YES;
				CLANG_WARN_CONSTANT_CONVERSION = YES;
				CLANG_WARN_DEPRECATED_OBJC_IMPLEMENTATIONS = YES;
				CLANG_WARN_DIRECT_OBJC_ISA_USAGE = YES_ERROR;
				CLANG_WARN_DOCUMENTATION_COMMENTS = YES;
				CLANG_WARN_EMPTY_BODY = YES;
				CLANG_WARN_ENUM_CONVERSION = YES;
				CLANG_WARN_INFINITE_RECURSION = YES;
				CLANG_WARN_INT_CONVERSION = YES;
				CLANG_WARN_NON_LITERAL_NULL_CONVERSION = YES;
				CLANG_WARN_OBJC_IMPLICIT_RETAIN_SELF = YES;
				CLANG_WARN_OBJC_LITERAL_CONVERSION = YES;
				CLANG_WARN_OBJC_ROOT_CLASS = YES_ERROR;
				CLANG_WARN_QUOTED_INCLUDE_IN_FRAMEWORK_HEADER = YES;
				CLANG_WARN_RANGE_LOOP_ANALYSIS = YES;
				CLANG_WARN_STRICT_PROTOTYPES = YES;
				CLANG_WARN_SUSPICIOUS_MOVE = YES;
				CLANG_WARN_UNGUARDED_AVAILABILITY = YES_AGGRESSIVE;
				CLANG_WARN_UNREACHABLE_CODE = YES;
				CLANG_WARN__DUPLICATE_METHOD_MATCH = YES;
				COPY_PHASE_STRIP = NO;
				DEBUG_INFORMATION_FORMAT = "dwarf-with-dsym";
				ENABLE_NS_ASSERTIONS = NO;
				ENABLE_STRICT_OBJC_MSGSEND = YES;
				GCC_C_LANGUAGE_STANDARD = gnu11;
				GCC_NO_COMMON_BLOCKS = YES;
				GCC_WARN_64_TO_32_BIT_CONVERSION = YES;
				GCC_WARN_ABOUT_RETURN_TYPE = YES_ERROR;
				GCC_WARN_UNDECLARED_SELECTOR = YES;
				GCC_WARN_UNINITIALIZED_AUTOS = YES_AGGRESSIVE;
				GCC_WARN_UNUSED_FUNCTION = YES;
				GCC_WARN_UNUSED_VARIABLE = YES;
				IPHONEOS_DEPLOYMENT_TARGET = 12.0;
				MTL_ENABLE_DEBUG_INFO = NO;
				MTL_FAST_MATH = YES;
				SDKROOT = iphoneos;
				SWIFT_COMPILATION_MODE = wholemodule;
				SWIFT_OPTIMIZATION_LEVEL = "-O";
				VALIDATE_PRODUCT = YES;
			};
			name = Release;
		};
		EFF79D87250F7C2200815ED3 /* Debug */ = {
			isa = XCBuildConfiguration;
			baseConfigurationReference = 9CF88ABE190912E9115724C7 /* Pods-chat.debug.xcconfig */;
			buildSettings = {
				ASSETCATALOG_COMPILER_APPICON_NAME = AppIcon;
				CODE_SIGN_IDENTITY = "Apple Development";
				CODE_SIGN_STYLE = Automatic;
				DEVELOPMENT_TEAM = "";
				INFOPLIST_FILE = "chat/Supporting Files/Info.plist";
				IPHONEOS_DEPLOYMENT_TARGET = 12.0;
				LD_RUNPATH_SEARCH_PATHS = (
					"$(inherited)",
					"@executable_path/Frameworks",
				);
				PRODUCT_BUNDLE_IDENTIFIER = ru.tinkoff.TinkoffChat;
				PRODUCT_NAME = Chat;
				PROVISIONING_PROFILE_SPECIFIER = "";
				SWIFT_VERSION = 5.0;
				TARGETED_DEVICE_FAMILY = 1;
			};
			name = Debug;
		};
		EFF79D88250F7C2200815ED3 /* Release */ = {
			isa = XCBuildConfiguration;
			baseConfigurationReference = 946F8A23266918A9E087D08D /* Pods-chat.release.xcconfig */;
			buildSettings = {
				ASSETCATALOG_COMPILER_APPICON_NAME = AppIcon;
				CODE_SIGN_IDENTITY = "Apple Development";
				CODE_SIGN_STYLE = Automatic;
				DEVELOPMENT_TEAM = "";
				INFOPLIST_FILE = "chat/Supporting Files/Info.plist";
				IPHONEOS_DEPLOYMENT_TARGET = 12.0;
				LD_RUNPATH_SEARCH_PATHS = (
					"$(inherited)",
					"@executable_path/Frameworks",
				);
				PRODUCT_BUNDLE_IDENTIFIER = ru.tinkoff.TinkoffChat;
				PRODUCT_NAME = Chat;
				PROVISIONING_PROFILE_SPECIFIER = "";
				SWIFT_VERSION = 5.0;
				TARGETED_DEVICE_FAMILY = 1;
			};
			name = Release;
		};
/* End XCBuildConfiguration section */

/* Begin XCConfigurationList section */
		EF73E48F257626B200AADC2D /* Build configuration list for PBXNativeTarget "ChatUITests" */ = {
			isa = XCConfigurationList;
			buildConfigurations = (
				EF73E490257626B200AADC2D /* Debug */,
				EF73E491257626B200AADC2D /* Release */,
			);
			defaultConfigurationIsVisible = 0;
			defaultConfigurationName = Release;
		};
		EFBBB0D425767A950071E3AE /* Build configuration list for PBXNativeTarget "ChatTests" */ = {
			isa = XCConfigurationList;
			buildConfigurations = (
				EFBBB0D225767A950071E3AE /* Debug */,
				EFBBB0D325767A950071E3AE /* Release */,
			);
			defaultConfigurationIsVisible = 0;
			defaultConfigurationName = Release;
		};
		EFF79D6D250F7C1E00815ED3 /* Build configuration list for PBXProject "chat" */ = {
			isa = XCConfigurationList;
			buildConfigurations = (
				EFF79D84250F7C2200815ED3 /* Debug */,
				EFF79D85250F7C2200815ED3 /* Release */,
			);
			defaultConfigurationIsVisible = 0;
			defaultConfigurationName = Release;
		};
		EFF79D86250F7C2200815ED3 /* Build configuration list for PBXNativeTarget "chat" */ = {
			isa = XCConfigurationList;
			buildConfigurations = (
				EFF79D87250F7C2200815ED3 /* Debug */,
				EFF79D88250F7C2200815ED3 /* Release */,
			);
			defaultConfigurationIsVisible = 0;
			defaultConfigurationName = Release;
		};
/* End XCConfigurationList section */

/* Begin XCVersionGroup section */
		EF910F9B2547FF8100092A52 /* Chat.xcdatamodeld */ = {
			isa = XCVersionGroup;
			children = (
				EF910F9C2547FF8100092A52 /* Chat.xcdatamodel */,
			);
			currentVersion = EF910F9C2547FF8100092A52 /* Chat.xcdatamodel */;
			path = Chat.xcdatamodeld;
			sourceTree = "<group>";
			versionGroupType = wrapper.xcdatamodel;
		};
/* End XCVersionGroup section */
	};
	rootObject = EFF79D6A250F7C1E00815ED3 /* Project object */;
}
